// !$*UTF8*$!
{
	archiveVersion = 1;
	classes = {
	};
	objectVersion = 56;
	objects = {

/* Begin PBXBuildFile section */
		13658D8A77AA5CE5C229BAAD /* Pods_DangerSwiftTestTests.framework in Frameworks */ = {isa = PBXBuildFile; fileRef = B7430D2B8B45503B10D2DEA6 /* Pods_DangerSwiftTestTests.framework */; };
		275CCC450A3544DE270EE7B0 /* Pods_DangerSwiftTest.framework in Frameworks */ = {isa = PBXBuildFile; fileRef = EAA8AD1F690AA10487CD55C4 /* Pods_DangerSwiftTest.framework */; };
		4C3B78BF2B29601500C5E7E5 /* DangerSwiftTestApp.swift in Sources */ = {isa = PBXBuildFile; fileRef = 4C3B78BE2B29601500C5E7E5 /* DangerSwiftTestApp.swift */; };
		4C3B78C12B29601500C5E7E5 /* ContentView.swift in Sources */ = {isa = PBXBuildFile; fileRef = 4C3B78C02B29601500C5E7E5 /* ContentView.swift */; };
		4C3B78C32B29601600C5E7E5 /* Assets.xcassets in Resources */ = {isa = PBXBuildFile; fileRef = 4C3B78C22B29601600C5E7E5 /* Assets.xcassets */; };
		4C3B78C62B29601600C5E7E5 /* Preview Assets.xcassets in Resources */ = {isa = PBXBuildFile; fileRef = 4C3B78C52B29601600C5E7E5 /* Preview Assets.xcassets */; };
		4C3B78D02B29601700C5E7E5 /* DangerSwiftTestTests.swift in Sources */ = {isa = PBXBuildFile; fileRef = 4C3B78CF2B29601700C5E7E5 /* DangerSwiftTestTests.swift */; };
		4C3B78DA2B29601700C5E7E5 /* DangerSwiftTestUITests.swift in Sources */ = {isa = PBXBuildFile; fileRef = 4C3B78D92B29601700C5E7E5 /* DangerSwiftTestUITests.swift */; };
		4C3B78DC2B29601700C5E7E5 /* DangerSwiftTestUITestsLaunchTests.swift in Sources */ = {isa = PBXBuildFile; fileRef = 4C3B78DB2B29601700C5E7E5 /* DangerSwiftTestUITestsLaunchTests.swift */; };
		723ADECB9B079A3B54415BD5 /* Pods_DangerSwiftTest_DangerSwiftTestUITests.framework in Frameworks */ = {isa = PBXBuildFile; fileRef = F5635A6858046963A4441342 /* Pods_DangerSwiftTest_DangerSwiftTestUITests.framework */; };
/* End PBXBuildFile section */

/* Begin PBXContainerItemProxy section */
		4C3B78CC2B29601700C5E7E5 /* PBXContainerItemProxy */ = {
			isa = PBXContainerItemProxy;
			containerPortal = 4C3B78B32B29601500C5E7E5 /* Project object */;
			proxyType = 1;
			remoteGlobalIDString = 4C3B78BA2B29601500C5E7E5;
			remoteInfo = DangerSwiftTest;
		};
		4C3B78D62B29601700C5E7E5 /* PBXContainerItemProxy */ = {
			isa = PBXContainerItemProxy;
			containerPortal = 4C3B78B32B29601500C5E7E5 /* Project object */;
			proxyType = 1;
			remoteGlobalIDString = 4C3B78BA2B29601500C5E7E5;
			remoteInfo = DangerSwiftTest;
		};
/* End PBXContainerItemProxy section */

/* Begin PBXFileReference section */
		2EBCF0CCA9972FA82E2FE708 /* Pods-DangerSwiftTest-DangerSwiftTestUITests.debug.xcconfig */ = {isa = PBXFileReference; includeInIndex = 1; lastKnownFileType = text.xcconfig; name = "Pods-DangerSwiftTest-DangerSwiftTestUITests.debug.xcconfig"; path = "Target Support Files/Pods-DangerSwiftTest-DangerSwiftTestUITests/Pods-DangerSwiftTest-DangerSwiftTestUITests.debug.xcconfig"; sourceTree = "<group>"; };
		4C3B78BB2B29601500C5E7E5 /* DangerSwiftTest.app */ = {isa = PBXFileReference; explicitFileType = wrapper.application; includeInIndex = 0; path = DangerSwiftTest.app; sourceTree = BUILT_PRODUCTS_DIR; };
		4C3B78BE2B29601500C5E7E5 /* DangerSwiftTestApp.swift */ = {isa = PBXFileReference; lastKnownFileType = sourcecode.swift; path = DangerSwiftTestApp.swift; sourceTree = "<group>"; };
		4C3B78C02B29601500C5E7E5 /* ContentView.swift */ = {isa = PBXFileReference; lastKnownFileType = sourcecode.swift; path = ContentView.swift; sourceTree = "<group>"; };
		4C3B78C22B29601600C5E7E5 /* Assets.xcassets */ = {isa = PBXFileReference; lastKnownFileType = folder.assetcatalog; path = Assets.xcassets; sourceTree = "<group>"; };
		4C3B78C52B29601600C5E7E5 /* Preview Assets.xcassets */ = {isa = PBXFileReference; lastKnownFileType = folder.assetcatalog; path = "Preview Assets.xcassets"; sourceTree = "<group>"; };
		4C3B78CB2B29601700C5E7E5 /* DangerSwiftTestTests.xctest */ = {isa = PBXFileReference; explicitFileType = wrapper.cfbundle; includeInIndex = 0; path = DangerSwiftTestTests.xctest; sourceTree = BUILT_PRODUCTS_DIR; };
		4C3B78CF2B29601700C5E7E5 /* DangerSwiftTestTests.swift */ = {isa = PBXFileReference; lastKnownFileType = sourcecode.swift; path = DangerSwiftTestTests.swift; sourceTree = "<group>"; };
		4C3B78D52B29601700C5E7E5 /* DangerSwiftTestUITests.xctest */ = {isa = PBXFileReference; explicitFileType = wrapper.cfbundle; includeInIndex = 0; path = DangerSwiftTestUITests.xctest; sourceTree = BUILT_PRODUCTS_DIR; };
		4C3B78D92B29601700C5E7E5 /* DangerSwiftTestUITests.swift */ = {isa = PBXFileReference; lastKnownFileType = sourcecode.swift; path = DangerSwiftTestUITests.swift; sourceTree = "<group>"; };
		4C3B78DB2B29601700C5E7E5 /* DangerSwiftTestUITestsLaunchTests.swift */ = {isa = PBXFileReference; lastKnownFileType = sourcecode.swift; path = DangerSwiftTestUITestsLaunchTests.swift; sourceTree = "<group>"; };
		4DFB796866A28F003C7C5C9A /* Pods-DangerSwiftTest.release.xcconfig */ = {isa = PBXFileReference; includeInIndex = 1; lastKnownFileType = text.xcconfig; name = "Pods-DangerSwiftTest.release.xcconfig"; path = "Target Support Files/Pods-DangerSwiftTest/Pods-DangerSwiftTest.release.xcconfig"; sourceTree = "<group>"; };
		7E6F84BEC27B0BC578E7815C /* Pods-DangerSwiftTest.debug.xcconfig */ = {isa = PBXFileReference; includeInIndex = 1; lastKnownFileType = text.xcconfig; name = "Pods-DangerSwiftTest.debug.xcconfig"; path = "Target Support Files/Pods-DangerSwiftTest/Pods-DangerSwiftTest.debug.xcconfig"; sourceTree = "<group>"; };
		9CBD7130CE479D410B247D0C /* Pods-DangerSwiftTest-DangerSwiftTestUITests.release.xcconfig */ = {isa = PBXFileReference; includeInIndex = 1; lastKnownFileType = text.xcconfig; name = "Pods-DangerSwiftTest-DangerSwiftTestUITests.release.xcconfig"; path = "Target Support Files/Pods-DangerSwiftTest-DangerSwiftTestUITests/Pods-DangerSwiftTest-DangerSwiftTestUITests.release.xcconfig"; sourceTree = "<group>"; };
		B7430D2B8B45503B10D2DEA6 /* Pods_DangerSwiftTestTests.framework */ = {isa = PBXFileReference; explicitFileType = wrapper.framework; includeInIndex = 0; path = Pods_DangerSwiftTestTests.framework; sourceTree = BUILT_PRODUCTS_DIR; };
		E2660433AC68DBB00DD95564 /* Pods-DangerSwiftTestTests.release.xcconfig */ = {isa = PBXFileReference; includeInIndex = 1; lastKnownFileType = text.xcconfig; name = "Pods-DangerSwiftTestTests.release.xcconfig"; path = "Target Support Files/Pods-DangerSwiftTestTests/Pods-DangerSwiftTestTests.release.xcconfig"; sourceTree = "<group>"; };
		EAA8AD1F690AA10487CD55C4 /* Pods_DangerSwiftTest.framework */ = {isa = PBXFileReference; explicitFileType = wrapper.framework; includeInIndex = 0; path = Pods_DangerSwiftTest.framework; sourceTree = BUILT_PRODUCTS_DIR; };
		F4C98A852B14F5FBC8582289 /* Pods-DangerSwiftTestTests.debug.xcconfig */ = {isa = PBXFileReference; includeInIndex = 1; lastKnownFileType = text.xcconfig; name = "Pods-DangerSwiftTestTests.debug.xcconfig"; path = "Target Support Files/Pods-DangerSwiftTestTests/Pods-DangerSwiftTestTests.debug.xcconfig"; sourceTree = "<group>"; };
		F5635A6858046963A4441342 /* Pods_DangerSwiftTest_DangerSwiftTestUITests.framework */ = {isa = PBXFileReference; explicitFileType = wrapper.framework; includeInIndex = 0; path = Pods_DangerSwiftTest_DangerSwiftTestUITests.framework; sourceTree = BUILT_PRODUCTS_DIR; };
/* End PBXFileReference section */

/* Begin PBXFrameworksBuildPhase section */
		4C3B78B82B29601500C5E7E5 /* Frameworks */ = {
			isa = PBXFrameworksBuildPhase;
			buildActionMask = 2147483647;
			files = (
				275CCC450A3544DE270EE7B0 /* Pods_DangerSwiftTest.framework in Frameworks */,
			);
			runOnlyForDeploymentPostprocessing = 0;
		};
		4C3B78C82B29601700C5E7E5 /* Frameworks */ = {
			isa = PBXFrameworksBuildPhase;
			buildActionMask = 2147483647;
			files = (
				13658D8A77AA5CE5C229BAAD /* Pods_DangerSwiftTestTests.framework in Frameworks */,
			);
			runOnlyForDeploymentPostprocessing = 0;
		};
		4C3B78D22B29601700C5E7E5 /* Frameworks */ = {
			isa = PBXFrameworksBuildPhase;
			buildActionMask = 2147483647;
			files = (
				723ADECB9B079A3B54415BD5 /* Pods_DangerSwiftTest_DangerSwiftTestUITests.framework in Frameworks */,
			);
			runOnlyForDeploymentPostprocessing = 0;
		};
/* End PBXFrameworksBuildPhase section */

/* Begin PBXGroup section */
		4C3B78B22B29601500C5E7E5 = {
			isa = PBXGroup;
			children = (
				4C3B78BD2B29601500C5E7E5 /* DangerSwiftTest */,
				4C3B78CE2B29601700C5E7E5 /* DangerSwiftTestTests */,
				4C3B78D82B29601700C5E7E5 /* DangerSwiftTestUITests */,
				4C3B78BC2B29601500C5E7E5 /* Products */,
				AFBEC4391772076DBE25D277 /* Pods */,
				4FC2A9848B9F507F8CBCC715 /* Frameworks */,
			);
			sourceTree = "<group>";
		};
		4C3B78BC2B29601500C5E7E5 /* Products */ = {
			isa = PBXGroup;
			children = (
				4C3B78BB2B29601500C5E7E5 /* DangerSwiftTest.app */,
				4C3B78CB2B29601700C5E7E5 /* DangerSwiftTestTests.xctest */,
				4C3B78D52B29601700C5E7E5 /* DangerSwiftTestUITests.xctest */,
			);
			name = Products;
			sourceTree = "<group>";
		};
		4C3B78BD2B29601500C5E7E5 /* DangerSwiftTest */ = {
			isa = PBXGroup;
			children = (
				4C3B78BE2B29601500C5E7E5 /* DangerSwiftTestApp.swift */,
				4C3B78C02B29601500C5E7E5 /* ContentView.swift */,
				4C3B78C22B29601600C5E7E5 /* Assets.xcassets */,
				4C3B78C42B29601600C5E7E5 /* Preview Content */,
			);
			path = DangerSwiftTest;
			sourceTree = "<group>";
		};
		4C3B78C42B29601600C5E7E5 /* Preview Content */ = {
			isa = PBXGroup;
			children = (
				4C3B78C52B29601600C5E7E5 /* Preview Assets.xcassets */,
			);
			path = "Preview Content";
			sourceTree = "<group>";
		};
		4C3B78CE2B29601700C5E7E5 /* DangerSwiftTestTests */ = {
			isa = PBXGroup;
			children = (
				4C3B78CF2B29601700C5E7E5 /* DangerSwiftTestTests.swift */,
			);
			path = DangerSwiftTestTests;
			sourceTree = "<group>";
		};
		4C3B78D82B29601700C5E7E5 /* DangerSwiftTestUITests */ = {
			isa = PBXGroup;
			children = (
				4C3B78D92B29601700C5E7E5 /* DangerSwiftTestUITests.swift */,
				4C3B78DB2B29601700C5E7E5 /* DangerSwiftTestUITestsLaunchTests.swift */,
			);
			path = DangerSwiftTestUITests;
			sourceTree = "<group>";
		};
		4FC2A9848B9F507F8CBCC715 /* Frameworks */ = {
			isa = PBXGroup;
			children = (
				EAA8AD1F690AA10487CD55C4 /* Pods_DangerSwiftTest.framework */,
				F5635A6858046963A4441342 /* Pods_DangerSwiftTest_DangerSwiftTestUITests.framework */,
				B7430D2B8B45503B10D2DEA6 /* Pods_DangerSwiftTestTests.framework */,
			);
			name = Frameworks;
			sourceTree = "<group>";
		};
		AFBEC4391772076DBE25D277 /* Pods */ = {
			isa = PBXGroup;
			children = (
				7E6F84BEC27B0BC578E7815C /* Pods-DangerSwiftTest.debug.xcconfig */,
				4DFB796866A28F003C7C5C9A /* Pods-DangerSwiftTest.release.xcconfig */,
				2EBCF0CCA9972FA82E2FE708 /* Pods-DangerSwiftTest-DangerSwiftTestUITests.debug.xcconfig */,
				9CBD7130CE479D410B247D0C /* Pods-DangerSwiftTest-DangerSwiftTestUITests.release.xcconfig */,
				F4C98A852B14F5FBC8582289 /* Pods-DangerSwiftTestTests.debug.xcconfig */,
				E2660433AC68DBB00DD95564 /* Pods-DangerSwiftTestTests.release.xcconfig */,
			);
			name = Pods;
			path = Pods;
			sourceTree = "<group>";
		};
/* End PBXGroup section */

/* Begin PBXNativeTarget section */
		4C3B78BA2B29601500C5E7E5 /* DangerSwiftTest */ = {
			isa = PBXNativeTarget;
			buildConfigurationList = 4C3B78DF2B29601700C5E7E5 /* Build configuration list for PBXNativeTarget "DangerSwiftTest" */;
			buildPhases = (
				760A592B8A35485C960FB3A6 /* [CP] Check Pods Manifest.lock */,
				4C3B78B72B29601500C5E7E5 /* Sources */,
				4C3B78B82B29601500C5E7E5 /* Frameworks */,
				4C3B78B92B29601500C5E7E5 /* Resources */,
			);
			buildRules = (
			);
			dependencies = (
			);
			name = DangerSwiftTest;
			productName = DangerSwiftTest;
			productReference = 4C3B78BB2B29601500C5E7E5 /* DangerSwiftTest.app */;
			productType = "com.apple.product-type.application";
		};
		4C3B78CA2B29601700C5E7E5 /* DangerSwiftTestTests */ = {
			isa = PBXNativeTarget;
			buildConfigurationList = 4C3B78E22B29601700C5E7E5 /* Build configuration list for PBXNativeTarget "DangerSwiftTestTests" */;
			buildPhases = (
				A841A2B4D127D1DC686332E4 /* [CP] Check Pods Manifest.lock */,
				4C3B78C72B29601700C5E7E5 /* Sources */,
				4C3B78C82B29601700C5E7E5 /* Frameworks */,
				4C3B78C92B29601700C5E7E5 /* Resources */,
			);
			buildRules = (
			);
			dependencies = (
				4C3B78CD2B29601700C5E7E5 /* PBXTargetDependency */,
			);
			name = DangerSwiftTestTests;
			productName = DangerSwiftTestTests;
			productReference = 4C3B78CB2B29601700C5E7E5 /* DangerSwiftTestTests.xctest */;
			productType = "com.apple.product-type.bundle.unit-test";
		};
		4C3B78D42B29601700C5E7E5 /* DangerSwiftTestUITests */ = {
			isa = PBXNativeTarget;
			buildConfigurationList = 4C3B78E52B29601700C5E7E5 /* Build configuration list for PBXNativeTarget "DangerSwiftTestUITests" */;
			buildPhases = (
				C793E451875F3778BE025F6C /* [CP] Check Pods Manifest.lock */,
				4C3B78D12B29601700C5E7E5 /* Sources */,
				4C3B78D22B29601700C5E7E5 /* Frameworks */,
				4C3B78D32B29601700C5E7E5 /* Resources */,
			);
			buildRules = (
			);
			dependencies = (
				4C3B78D72B29601700C5E7E5 /* PBXTargetDependency */,
			);
			name = DangerSwiftTestUITests;
			productName = DangerSwiftTestUITests;
			productReference = 4C3B78D52B29601700C5E7E5 /* DangerSwiftTestUITests.xctest */;
			productType = "com.apple.product-type.bundle.ui-testing";
		};
/* End PBXNativeTarget section */

/* Begin PBXProject section */
		4C3B78B32B29601500C5E7E5 /* Project object */ = {
			isa = PBXProject;
			attributes = {
				BuildIndependentTargetsInParallel = 1;
				LastSwiftUpdateCheck = 1430;
				LastUpgradeCheck = 1430;
				TargetAttributes = {
					4C3B78BA2B29601500C5E7E5 = {
						CreatedOnToolsVersion = 14.3.1;
					};
					4C3B78CA2B29601700C5E7E5 = {
						CreatedOnToolsVersion = 14.3.1;
						TestTargetID = 4C3B78BA2B29601500C5E7E5;
					};
					4C3B78D42B29601700C5E7E5 = {
						CreatedOnToolsVersion = 14.3.1;
						TestTargetID = 4C3B78BA2B29601500C5E7E5;
					};
				};
			};
			buildConfigurationList = 4C3B78B62B29601500C5E7E5 /* Build configuration list for PBXProject "DangerSwiftTest" */;
			compatibilityVersion = "Xcode 14.0";
			developmentRegion = en;
			hasScannedForEncodings = 0;
			knownRegions = (
				en,
				Base,
			);
			mainGroup = 4C3B78B22B29601500C5E7E5;
			productRefGroup = 4C3B78BC2B29601500C5E7E5 /* Products */;
			projectDirPath = "";
			projectRoot = "";
			targets = (
				4C3B78BA2B29601500C5E7E5 /* DangerSwiftTest */,
				4C3B78CA2B29601700C5E7E5 /* DangerSwiftTestTests */,
				4C3B78D42B29601700C5E7E5 /* DangerSwiftTestUITests */,
			);
		};
/* End PBXProject section */

/* Begin PBXResourcesBuildPhase section */
		4C3B78B92B29601500C5E7E5 /* Resources */ = {
			isa = PBXResourcesBuildPhase;
			buildActionMask = 2147483647;
			files = (
				4C3B78C62B29601600C5E7E5 /* Preview Assets.xcassets in Resources */,
				4C3B78C32B29601600C5E7E5 /* Assets.xcassets in Resources */,
			);
			runOnlyForDeploymentPostprocessing = 0;
		};
		4C3B78C92B29601700C5E7E5 /* Resources */ = {
			isa = PBXResourcesBuildPhase;
			buildActionMask = 2147483647;
			files = (
			);
			runOnlyForDeploymentPostprocessing = 0;
		};
		4C3B78D32B29601700C5E7E5 /* Resources */ = {
			isa = PBXResourcesBuildPhase;
			buildActionMask = 2147483647;
			files = (
			);
			runOnlyForDeploymentPostprocessing = 0;
		};
/* End PBXResourcesBuildPhase section */

/* Begin PBXShellScriptBuildPhase section */
		760A592B8A35485C960FB3A6 /* [CP] Check Pods Manifest.lock */ = {
			isa = PBXShellScriptBuildPhase;
			buildActionMask = 2147483647;
			files = (
			);
			inputFileListPaths = (
			);
			inputPaths = (
				"${PODS_PODFILE_DIR_PATH}/Podfile.lock",
				"${PODS_ROOT}/Manifest.lock",
			);
			name = "[CP] Check Pods Manifest.lock";
			outputFileListPaths = (
			);
			outputPaths = (
				"$(DERIVED_FILE_DIR)/Pods-DangerSwiftTest-checkManifestLockResult.txt",
			);
			runOnlyForDeploymentPostprocessing = 0;
			shellPath = /bin/sh;
			shellScript = "diff \"${PODS_PODFILE_DIR_PATH}/Podfile.lock\" \"${PODS_ROOT}/Manifest.lock\" > /dev/null\nif [ $? != 0 ] ; then\n    # print error to STDERR\n    echo \"error: The sandbox is not in sync with the Podfile.lock. Run 'pod install' or update your CocoaPods installation.\" >&2\n    exit 1\nfi\n# This output is used by Xcode 'outputs' to avoid re-running this script phase.\necho \"SUCCESS\" > \"${SCRIPT_OUTPUT_FILE_0}\"\n";
			showEnvVarsInLog = 0;
		};
		A841A2B4D127D1DC686332E4 /* [CP] Check Pods Manifest.lock */ = {
			isa = PBXShellScriptBuildPhase;
			buildActionMask = 2147483647;
			files = (
			);
			inputFileListPaths = (
			);
			inputPaths = (
				"${PODS_PODFILE_DIR_PATH}/Podfile.lock",
				"${PODS_ROOT}/Manifest.lock",
			);
			name = "[CP] Check Pods Manifest.lock";
			outputFileListPaths = (
			);
			outputPaths = (
				"$(DERIVED_FILE_DIR)/Pods-DangerSwiftTestTests-checkManifestLockResult.txt",
			);
			runOnlyForDeploymentPostprocessing = 0;
			shellPath = /bin/sh;
			shellScript = "diff \"${PODS_PODFILE_DIR_PATH}/Podfile.lock\" \"${PODS_ROOT}/Manifest.lock\" > /dev/null\nif [ $? != 0 ] ; then\n    # print error to STDERR\n    echo \"error: The sandbox is not in sync with the Podfile.lock. Run 'pod install' or update your CocoaPods installation.\" >&2\n    exit 1\nfi\n# This output is used by Xcode 'outputs' to avoid re-running this script phase.\necho \"SUCCESS\" > \"${SCRIPT_OUTPUT_FILE_0}\"\n";
			showEnvVarsInLog = 0;
		};
		C793E451875F3778BE025F6C /* [CP] Check Pods Manifest.lock */ = {
			isa = PBXShellScriptBuildPhase;
			buildActionMask = 2147483647;
			files = (
			);
			inputFileListPaths = (
			);
			inputPaths = (
				"${PODS_PODFILE_DIR_PATH}/Podfile.lock",
				"${PODS_ROOT}/Manifest.lock",
			);
			name = "[CP] Check Pods Manifest.lock";
			outputFileListPaths = (
			);
			outputPaths = (
				"$(DERIVED_FILE_DIR)/Pods-DangerSwiftTest-DangerSwiftTestUITests-checkManifestLockResult.txt",
			);
			runOnlyForDeploymentPostprocessing = 0;
			shellPath = /bin/sh;
			shellScript = "diff \"${PODS_PODFILE_DIR_PATH}/Podfile.lock\" \"${PODS_ROOT}/Manifest.lock\" > /dev/null\nif [ $? != 0 ] ; then\n    # print error to STDERR\n    echo \"error: The sandbox is not in sync with the Podfile.lock. Run 'pod install' or update your CocoaPods installation.\" >&2\n    exit 1\nfi\n# This output is used by Xcode 'outputs' to avoid re-running this script phase.\necho \"SUCCESS\" > \"${SCRIPT_OUTPUT_FILE_0}\"\n";
			showEnvVarsInLog = 0;
		};
/* End PBXShellScriptBuildPhase section */

/* Begin PBXSourcesBuildPhase section */
		4C3B78B72B29601500C5E7E5 /* Sources */ = {
			isa = PBXSourcesBuildPhase;
			buildActionMask = 2147483647;
			files = (
				4C3B78C12B29601500C5E7E5 /* ContentView.swift in Sources */,
				4C3B78BF2B29601500C5E7E5 /* DangerSwiftTestApp.swift in Sources */,
			);
			runOnlyForDeploymentPostprocessing = 0;
		};
		4C3B78C72B29601700C5E7E5 /* Sources */ = {
			isa = PBXSourcesBuildPhase;
			buildActionMask = 2147483647;
			files = (
				4C3B78D02B29601700C5E7E5 /* DangerSwiftTestTests.swift in Sources */,
			);
			runOnlyForDeploymentPostprocessing = 0;
		};
		4C3B78D12B29601700C5E7E5 /* Sources */ = {
			isa = PBXSourcesBuildPhase;
			buildActionMask = 2147483647;
			files = (
				4C3B78DA2B29601700C5E7E5 /* DangerSwiftTestUITests.swift in Sources */,
				4C3B78DC2B29601700C5E7E5 /* DangerSwiftTestUITestsLaunchTests.swift in Sources */,
			);
			runOnlyForDeploymentPostprocessing = 0;
		};
/* End PBXSourcesBuildPhase section */

/* Begin PBXTargetDependency section */
		4C3B78CD2B29601700C5E7E5 /* PBXTargetDependency */ = {
			isa = PBXTargetDependency;
			target = 4C3B78BA2B29601500C5E7E5 /* DangerSwiftTest */;
			targetProxy = 4C3B78CC2B29601700C5E7E5 /* PBXContainerItemProxy */;
		};
		4C3B78D72B29601700C5E7E5 /* PBXTargetDependency */ = {
			isa = PBXTargetDependency;
			target = 4C3B78BA2B29601500C5E7E5 /* DangerSwiftTest */;
			targetProxy = 4C3B78D62B29601700C5E7E5 /* PBXContainerItemProxy */;
		};
/* End PBXTargetDependency section */

/* Begin XCBuildConfiguration section */
		4C3B78DD2B29601700C5E7E5 /* Debug */ = {
			isa = XCBuildConfiguration;
			buildSettings = {
				ALWAYS_SEARCH_USER_PATHS = NO;
				CLANG_ANALYZER_NONNULL = YES;
				CLANG_ANALYZER_NUMBER_OBJECT_CONVERSION = YES_AGGRESSIVE;
				CLANG_CXX_LANGUAGE_STANDARD = "gnu++20";
				CLANG_ENABLE_MODULES = YES;
				CLANG_ENABLE_OBJC_ARC = YES;
				CLANG_ENABLE_OBJC_WEAK = YES;
				CLANG_WARN_BLOCK_CAPTURE_AUTORELEASING = YES;
				CLANG_WARN_BOOL_CONVERSION = YES;
				CLANG_WARN_COMMA = YES;
				CLANG_WARN_CONSTANT_CONVERSION = YES;
				CLANG_WARN_DEPRECATED_OBJC_IMPLEMENTATIONS = YES;
				CLANG_WARN_DIRECT_OBJC_ISA_USAGE = YES_ERROR;
				CLANG_WARN_DOCUMENTATION_COMMENTS = YES;
				CLANG_WARN_EMPTY_BODY = YES;
				CLANG_WARN_ENUM_CONVERSION = YES;
				CLANG_WARN_INFINITE_RECURSION = YES;
				CLANG_WARN_INT_CONVERSION = YES;
				CLANG_WARN_NON_LITERAL_NULL_CONVERSION = YES;
				CLANG_WARN_OBJC_IMPLICIT_RETAIN_SELF = YES;
				CLANG_WARN_OBJC_LITERAL_CONVERSION = YES;
				CLANG_WARN_OBJC_ROOT_CLASS = YES_ERROR;
				CLANG_WARN_QUOTED_INCLUDE_IN_FRAMEWORK_HEADER = YES;
				CLANG_WARN_RANGE_LOOP_ANALYSIS = YES;
				CLANG_WARN_STRICT_PROTOTYPES = YES;
				CLANG_WARN_SUSPICIOUS_MOVE = YES;
				CLANG_WARN_UNGUARDED_AVAILABILITY = YES_AGGRESSIVE;
				CLANG_WARN_UNREACHABLE_CODE = YES;
				CLANG_WARN__DUPLICATE_METHOD_MATCH = YES;
				COPY_PHASE_STRIP = NO;
				DEBUG_INFORMATION_FORMAT = dwarf;
				ENABLE_STRICT_OBJC_MSGSEND = YES;
				ENABLE_TESTABILITY = YES;
				GCC_C_LANGUAGE_STANDARD = gnu11;
				GCC_DYNAMIC_NO_PIC = NO;
				GCC_NO_COMMON_BLOCKS = YES;
				GCC_OPTIMIZATION_LEVEL = 0;
				GCC_PREPROCESSOR_DEFINITIONS = (
					"DEBUG=1",
					"$(inherited)",
				);
				GCC_WARN_64_TO_32_BIT_CONVERSION = YES;
				GCC_WARN_ABOUT_RETURN_TYPE = YES_ERROR;
				GCC_WARN_UNDECLARED_SELECTOR = YES;
				GCC_WARN_UNINITIALIZED_AUTOS = YES_AGGRESSIVE;
				GCC_WARN_UNUSED_FUNCTION = YES;
				GCC_WARN_UNUSED_VARIABLE = YES;
				IPHONEOS_DEPLOYMENT_TARGET = 16.4;
				MTL_ENABLE_DEBUG_INFO = INCLUDE_SOURCE;
				MTL_FAST_MATH = YES;
				ONLY_ACTIVE_ARCH = YES;
				SDKROOT = iphoneos;
				SWIFT_ACTIVE_COMPILATION_CONDITIONS = DEBUG;
				SWIFT_OPTIMIZATION_LEVEL = "-Onone";
			};
			name = Debug;
		};
		4C3B78DE2B29601700C5E7E5 /* Release */ = {
			isa = XCBuildConfiguration;
			buildSettings = {
				ALWAYS_SEARCH_USER_PATHS = NO;
				CLANG_ANALYZER_NONNULL = YES;
				CLANG_ANALYZER_NUMBER_OBJECT_CONVERSION = YES_AGGRESSIVE;
				CLANG_CXX_LANGUAGE_STANDARD = "gnu++20";
				CLANG_ENABLE_MODULES = YES;
				CLANG_ENABLE_OBJC_ARC = YES;
				CLANG_ENABLE_OBJC_WEAK = YES;
				CLANG_WARN_BLOCK_CAPTURE_AUTORELEASING = YES;
				CLANG_WARN_BOOL_CONVERSION = YES;
				CLANG_WARN_COMMA = YES;
				CLANG_WARN_CONSTANT_CONVERSION = YES;
				CLANG_WARN_DEPRECATED_OBJC_IMPLEMENTATIONS = YES;
				CLANG_WARN_DIRECT_OBJC_ISA_USAGE = YES_ERROR;
				CLANG_WARN_DOCUMENTATION_COMMENTS = YES;
				CLANG_WARN_EMPTY_BODY = YES;
				CLANG_WARN_ENUM_CONVERSION = YES;
				CLANG_WARN_INFINITE_RECURSION = YES;
				CLANG_WARN_INT_CONVERSION = YES;
				CLANG_WARN_NON_LITERAL_NULL_CONVERSION = YES;
				CLANG_WARN_OBJC_IMPLICIT_RETAIN_SELF = YES;
				CLANG_WARN_OBJC_LITERAL_CONVERSION = YES;
				CLANG_WARN_OBJC_ROOT_CLASS = YES_ERROR;
				CLANG_WARN_QUOTED_INCLUDE_IN_FRAMEWORK_HEADER = YES;
				CLANG_WARN_RANGE_LOOP_ANALYSIS = YES;
				CLANG_WARN_STRICT_PROTOTYPES = YES;
				CLANG_WARN_SUSPICIOUS_MOVE = YES;
				CLANG_WARN_UNGUARDED_AVAILABILITY = YES_AGGRESSIVE;
				CLANG_WARN_UNREACHABLE_CODE = YES;
				CLANG_WARN__DUPLICATE_METHOD_MATCH = YES;
				COPY_PHASE_STRIP = NO;
				DEBUG_INFORMATION_FORMAT = "dwarf-with-dsym";
				ENABLE_NS_ASSERTIONS = NO;
				ENABLE_STRICT_OBJC_MSGSEND = YES;
				GCC_C_LANGUAGE_STANDARD = gnu11;
				GCC_NO_COMMON_BLOCKS = YES;
				GCC_WARN_64_TO_32_BIT_CONVERSION = YES;
				GCC_WARN_ABOUT_RETURN_TYPE = YES_ERROR;
				GCC_WARN_UNDECLARED_SELECTOR = YES;
				GCC_WARN_UNINITIALIZED_AUTOS = YES_AGGRESSIVE;
				GCC_WARN_UNUSED_FUNCTION = YES;
				GCC_WARN_UNUSED_VARIABLE = YES;
				IPHONEOS_DEPLOYMENT_TARGET = 16.4;
				MTL_ENABLE_DEBUG_INFO = NO;
				MTL_FAST_MATH = YES;
				SDKROOT = iphoneos;
				SWIFT_COMPILATION_MODE = wholemodule;
				SWIFT_OPTIMIZATION_LEVEL = "-O";
				VALIDATE_PRODUCT = YES;
			};
			name = Release;
		};
		4C3B78E02B29601700C5E7E5 /* Debug */ = {
			isa = XCBuildConfiguration;
			baseConfigurationReference = 7E6F84BEC27B0BC578E7815C /* Pods-DangerSwiftTest.debug.xcconfig */;
			buildSettings = {
				ASSETCATALOG_COMPILER_APPICON_NAME = AppIcon;
				ASSETCATALOG_COMPILER_GLOBAL_ACCENT_COLOR_NAME = AccentColor;
				CODE_SIGN_STYLE = Automatic;
				CURRENT_PROJECT_VERSION = 1;
				DEVELOPMENT_ASSET_PATHS = "\"DangerSwiftTest/Preview Content\"";
				DEVELOPMENT_TEAM = H9C6TJBRLL;
				ENABLE_PREVIEWS = YES;
				GENERATE_INFOPLIST_FILE = YES;
				INFOPLIST_KEY_UIApplicationSceneManifest_Generation = YES;
				INFOPLIST_KEY_UIApplicationSupportsIndirectInputEvents = YES;
				INFOPLIST_KEY_UILaunchScreen_Generation = YES;
				INFOPLIST_KEY_UISupportedInterfaceOrientations_iPad = "UIInterfaceOrientationPortrait UIInterfaceOrientationPortraitUpsideDown UIInterfaceOrientationLandscapeLeft UIInterfaceOrientationLandscapeRight";
				INFOPLIST_KEY_UISupportedInterfaceOrientations_iPhone = "UIInterfaceOrientationPortrait UIInterfaceOrientationLandscapeLeft UIInterfaceOrientationLandscapeRight";
				LD_RUNPATH_SEARCH_PATHS = (
					"$(inherited)",
					"@executable_path/Frameworks",
				);
				MARKETING_VERSION = 1.0;
				PRODUCT_BUNDLE_IDENTIFIER = com.vinhnx.ct.iosapp.DangerSwiftTest;
				PRODUCT_NAME = "$(TARGET_NAME)";
				SWIFT_EMIT_LOC_STRINGS = YES;
				SWIFT_VERSION = 5.0;
				TARGETED_DEVICE_FAMILY = "1,2";
			};
			name = Debug;
		};
		4C3B78E12B29601700C5E7E5 /* Release */ = {
			isa = XCBuildConfiguration;
			baseConfigurationReference = 4DFB796866A28F003C7C5C9A /* Pods-DangerSwiftTest.release.xcconfig */;
			buildSettings = {
				ASSETCATALOG_COMPILER_APPICON_NAME = AppIcon;
				ASSETCATALOG_COMPILER_GLOBAL_ACCENT_COLOR_NAME = AccentColor;
				CODE_SIGN_STYLE = Automatic;
				CURRENT_PROJECT_VERSION = 1;
				DEVELOPMENT_ASSET_PATHS = "\"DangerSwiftTest/Preview Content\"";
				DEVELOPMENT_TEAM = H9C6TJBRLL;
				ENABLE_PREVIEWS = YES;
				GENERATE_INFOPLIST_FILE = YES;
				INFOPLIST_KEY_UIApplicationSceneManifest_Generation = YES;
				INFOPLIST_KEY_UIApplicationSupportsIndirectInputEvents = YES;
				INFOPLIST_KEY_UILaunchScreen_Generation = YES;
				INFOPLIST_KEY_UISupportedInterfaceOrientations_iPad = "UIInterfaceOrientationPortrait UIInterfaceOrientationPortraitUpsideDown UIInterfaceOrientationLandscapeLeft UIInterfaceOrientationLandscapeRight";
				INFOPLIST_KEY_UISupportedInterfaceOrientations_iPhone = "UIInterfaceOrientationPortrait UIInterfaceOrientationLandscapeLeft UIInterfaceOrientationLandscapeRight";
				LD_RUNPATH_SEARCH_PATHS = (
					"$(inherited)",
					"@executable_path/Frameworks",
				);
				MARKETING_VERSION = 1.0;
				PRODUCT_BUNDLE_IDENTIFIER = com.vinhnx.ct.iosapp.DangerSwiftTest;
				PRODUCT_NAME = "$(TARGET_NAME)";
				SWIFT_EMIT_LOC_STRINGS = YES;
				SWIFT_VERSION = 5.0;
				TARGETED_DEVICE_FAMILY = "1,2";
			};
			name = Release;
		};
		4C3B78E32B29601700C5E7E5 /* Debug */ = {
			isa = XCBuildConfiguration;
			baseConfigurationReference = F4C98A852B14F5FBC8582289 /* Pods-DangerSwiftTestTests.debug.xcconfig */;
			buildSettings = {
				ALWAYS_EMBED_SWIFT_STANDARD_LIBRARIES = YES;
				BUNDLE_LOADER = "$(TEST_HOST)";
				CODE_SIGN_STYLE = Automatic;
				CURRENT_PROJECT_VERSION = 1;
				DEVELOPMENT_TEAM = H9C6TJBRLL;
				GENERATE_INFOPLIST_FILE = YES;
				IPHONEOS_DEPLOYMENT_TARGET = 16.4;
				MARKETING_VERSION = 1.0;
				PRODUCT_BUNDLE_IDENTIFIER = com.vinhnx.ct.iosapp.DangerSwiftTestTests;
				PRODUCT_NAME = "$(TARGET_NAME)";
				SWIFT_EMIT_LOC_STRINGS = NO;
				SWIFT_VERSION = 5.0;
				TARGETED_DEVICE_FAMILY = "1,2";
				TEST_HOST = "$(BUILT_PRODUCTS_DIR)/DangerSwiftTest.app/$(BUNDLE_EXECUTABLE_FOLDER_PATH)/DangerSwiftTest";
			};
			name = Debug;
		};
		4C3B78E42B29601700C5E7E5 /* Release */ = {
			isa = XCBuildConfiguration;
			baseConfigurationReference = E2660433AC68DBB00DD95564 /* Pods-DangerSwiftTestTests.release.xcconfig */;
			buildSettings = {
				ALWAYS_EMBED_SWIFT_STANDARD_LIBRARIES = YES;
				BUNDLE_LOADER = "$(TEST_HOST)";
				CODE_SIGN_STYLE = Automatic;
				CURRENT_PROJECT_VERSION = 1;
				DEVELOPMENT_TEAM = H9C6TJBRLL;
				GENERATE_INFOPLIST_FILE = YES;
				IPHONEOS_DEPLOYMENT_TARGET = 16.4;
				MARKETING_VERSION = 1.0;
				PRODUCT_BUNDLE_IDENTIFIER = com.vinhnx.ct.iosapp.DangerSwiftTestTests;
				PRODUCT_NAME = "$(TARGET_NAME)";
				SWIFT_EMIT_LOC_STRINGS = NO;
				SWIFT_VERSION = 5.0;
				TARGETED_DEVICE_FAMILY = "1,2";
				TEST_HOST = "$(BUILT_PRODUCTS_DIR)/DangerSwiftTest.app/$(BUNDLE_EXECUTABLE_FOLDER_PATH)/DangerSwiftTest";
			};
			name = Release;
		};
		4C3B78E62B29601700C5E7E5 /* Debug */ = {
			isa = XCBuildConfiguration;
			baseConfigurationReference = 2EBCF0CCA9972FA82E2FE708 /* Pods-DangerSwiftTest-DangerSwiftTestUITests.debug.xcconfig */;
			buildSettings = {
				ALWAYS_EMBED_SWIFT_STANDARD_LIBRARIES = YES;
				CODE_SIGN_STYLE = Automatic;
				CURRENT_PROJECT_VERSION = 1;
				DEVELOPMENT_TEAM = H9C6TJBRLL;
				GENERATE_INFOPLIST_FILE = YES;
				MARKETING_VERSION = 1.0;
				PRODUCT_BUNDLE_IDENTIFIER = com.vinhnx.ct.iosapp.DangerSwiftTestUITests;
				PRODUCT_NAME = "$(TARGET_NAME)";
				SWIFT_EMIT_LOC_STRINGS = NO;
				SWIFT_VERSION = 5.0;
				TARGETED_DEVICE_FAMILY = "1,2";
				TEST_TARGET_NAME = DangerSwiftTest;
			};
			name = Debug;
		};
		4C3B78E72B29601700C5E7E5 /* Release */ = {
			isa = XCBuildConfiguration;
			baseConfigurationReference = 9CBD7130CE479D410B247D0C /* Pods-DangerSwiftTest-DangerSwiftTestUITests.release.xcconfig */;
			buildSettings = {
				ALWAYS_EMBED_SWIFT_STANDARD_LIBRARIES = YES;
				CODE_SIGN_STYLE = Automatic;
				CURRENT_PROJECT_VERSION = 1;
				DEVELOPMENT_TEAM = H9C6TJBRLL;
				GENERATE_INFOPLIST_FILE = YES;
				MARKETING_VERSION = 1.0;
				PRODUCT_BUNDLE_IDENTIFIER = com.vinhnx.ct.iosapp.DangerSwiftTestUITests;
				PRODUCT_NAME = "$(TARGET_NAME)";
				SWIFT_EMIT_LOC_STRINGS = NO;
				SWIFT_VERSION = 5.0;
				TARGETED_DEVICE_FAMILY = "1,2";
				TEST_TARGET_NAME = DangerSwiftTest;
			};
			name = Release;
		};
/* End XCBuildConfiguration section */

/* Begin XCConfigurationList section */
		4C3B78B62B29601500C5E7E5 /* Build configuration list for PBXProject "DangerSwiftTest" */ = {
			isa = XCConfigurationList;
			buildConfigurations = (
				4C3B78DD2B29601700C5E7E5 /* Debug */,
				4C3B78DE2B29601700C5E7E5 /* Release */,
			);
			defaultConfigurationIsVisible = 0;
			defaultConfigurationName = Release;
		};
		4C3B78DF2B29601700C5E7E5 /* Build configuration list for PBXNativeTarget "DangerSwiftTest" */ = {
			isa = XCConfigurationList;
			buildConfigurations = (
				4C3B78E02B29601700C5E7E5 /* Debug */,
				4C3B78E12B29601700C5E7E5 /* Release */,
			);
			defaultConfigurationIsVisible = 0;
			defaultConfigurationName = Release;
		};
		4C3B78E22B29601700C5E7E5 /* Build configuration list for PBXNativeTarget "DangerSwiftTestTests" */ = {
			isa = XCConfigurationList;
			buildConfigurations = (
				4C3B78E32B29601700C5E7E5 /* Debug */,
				4C3B78E42B29601700C5E7E5 /* Release */,
			);
			defaultConfigurationIsVisible = 0;
			defaultConfigurationName = Release;
		};
		4C3B78E52B29601700C5E7E5 /* Build configuration list for PBXNativeTarget "DangerSwiftTestUITests" */ = {
			isa = XCConfigurationList;
			buildConfigurations = (
				4C3B78E62B29601700C5E7E5 /* Debug */,
				4C3B78E72B29601700C5E7E5 /* Release */,
			);
			defaultConfigurationIsVisible = 0;
			defaultConfigurationName = Release;
		};
/* End XCConfigurationList section */
	};
	rootObject = 4C3B78B32B29601500C5E7E5 /* Project object */;
}
